
Microsoft Visual Studio Solution File, Format Version 12.00
# Visual Studio 2013
VisualStudioVersion = 12.0.30501.0
MinimumVisualStudioVersion = 10.0.40219.1
Project("{FAE04EC0-301F-11D3-BF4B-00C04F79EFBC}") = "LdapManager", "LdapManager\LdapManager.csproj", "{96862068-0F28-4CE3-9F8D-A7FBD1E1657C}"
EndProject
Project("{2150E333-8FDC-42A3-9474-1A3956D46DE8}") = ".nuget", ".nuget", "{8D2096F3-4C9C-48C7-8B14-AF80F2BDEB94}"
	ProjectSection(SolutionItems) = preProject
		.nuget\NuGet.Config = .nuget\NuGet.Config
		.nuget\NuGet.exe = .nuget\NuGet.exe
		.nuget\NuGet.targets = .nuget\NuGet.targets
	EndProjectSection
EndProject
Project("{FAE04EC0-301F-11D3-BF4B-00C04F79EFBC}") = "LdapManager.Schema", "SchemaParser\LdapManager.Schema.csproj", "{D0EEBFE1-7F34-4CE2-A93F-46E7B1982A54}"
EndProject
Project("{2150E333-8FDC-42A3-9474-1A3956D46DE8}") = "Tests", "Tests", "{4781C4DA-99B1-4E65-8483-F250196D99F1}"
EndProject
Project("{FAE04EC0-301F-11D3-BF4B-00C04F79EFBC}") = "LdapManager.Schema.Tests", "LdapManager.Schema.Tests\LdapManager.Schema.Tests.csproj", "{C163242F-A6A0-4128-99C7-88333BC6A20F}"
EndProject
Project("{2150E333-8FDC-42A3-9474-1A3956D46DE8}") = "Solution Items", "Solution Items", "{48765EE3-9EBD-4754-B310-682670C15F50}"
	ProjectSection(SolutionItems) = preProject
		CommonAssemblyInfo.cs = CommonAssemblyInfo.cs
	EndProjectSection
EndProject
Global
	GlobalSection(SolutionConfigurationPlatforms) = preSolution
		Debug|Any CPU = Debug|Any CPU
		Release|Any CPU = Release|Any CPU
	EndGlobalSection
	GlobalSection(ProjectConfigurationPlatforms) = postSolution
		{96862068-0F28-4CE3-9F8D-A7FBD1E1657C}.Debug|Any CPU.ActiveCfg = Debug|Any CPU
		{96862068-0F28-4CE3-9F8D-A7FBD1E1657C}.Debug|Any CPU.Build.0 = Debug|Any CPU
		{96862068-0F28-4CE3-9F8D-A7FBD1E1657C}.Release|Any CPU.ActiveCfg = Release|Any CPU
		{96862068-0F28-4CE3-9F8D-A7FBD1E1657C}.Release|Any CPU.Build.0 = Release|Any CPU
		{D0EEBFE1-7F34-4CE2-A93F-46E7B1982A54}.Debug|Any CPU.ActiveCfg = Debug|Any CPU
		{D0EEBFE1-7F34-4CE2-A93F-46E7B1982A54}.Debug|Any CPU.Build.0 = Debug|Any CPU
		{D0EEBFE1-7F34-4CE2-A93F-46E7B1982A54}.Release|Any CPU.ActiveCfg = Release|Any CPU
		{D0EEBFE1-7F34-4CE2-A93F-46E7B1982A54}.Release|Any CPU.Build.0 = Release|Any CPU
		{C163242F-A6A0-4128-99C7-88333BC6A20F}.Debug|Any CPU.ActiveCfg = Debug|Any CPU
		{C163242F-A6A0-4128-99C7-88333BC6A20F}.Debug|Any CPU.Build.0 = Debug|Any CPU
		{C163242F-A6A0-4128-99C7-88333BC6A20F}.Release|Any CPU.ActiveCfg = Release|Any CPU
		{C163242F-A6A0-4128-99C7-88333BC6A20F}.Release|Any CPU.Build.0 = Release|Any CPU
	EndGlobalSection
	GlobalSection(SolutionProperties) = preSolution
		HideSolutionNode = FALSE
	EndGlobalSection
	GlobalSection(NestedProjects) = preSolution
		{C163242F-A6A0-4128-99C7-88333BC6A20F} = {4781C4DA-99B1-4E65-8483-F250196D99F1}
	EndGlobalSection
EndGlobal
